
Microsoft Visual Studio Solution File, Format Version 12.00
# Visual Studio Version 17
VisualStudioVersion = 17.2.32519.379
MinimumVisualStudioVersion = 10.0.40219.1
Project("{FAE04EC0-301F-11D3-BF4B-00C04F79EFBC}") = "ItsTableProject", "ItsTableProject\ItsTableProject.csproj", "{604319BD-2FEB-4387-AFA6-D308223114B2}"
EndProject
Global
	GlobalSection(SolutionConfigurationPlatforms) = preSolution
		Debug|Any CPU = Debug|Any CPU
		Release|Any CPU = Release|Any CPU
	EndGlobalSection
	GlobalSection(ProjectConfigurationPlatforms) = postSolution
		{604319BD-2FEB-4387-AFA6-D308223114B2}.Debug|Any CPU.ActiveCfg = Debug|Any CPU
		{604319BD-2FEB-4387-AFA6-D308223114B2}.Debug|Any CPU.Build.0 = Debug|Any CPU
		{604319BD-2FEB-4387-AFA6-D308223114B2}.Release|Any CPU.ActiveCfg = Release|Any CPU
		{604319BD-2FEB-4387-AFA6-D308223114B2}.Release|Any CPU.Build.0 = Release|Any CPU
	EndGlobalSection
	GlobalSection(SolutionProperties) = preSolution
		HideSolutionNode = FALSE
	EndGlobalSection
	GlobalSection(ExtensibilityGlobals) = postSolution
		SolutionGuid = {E0828240-B15C-4C14-8F81-45584B2283E4}
	EndGlobalSection
EndGlobal
